
Microsoft Visual Studio Solution File, Format Version 12.00
# Visual Studio Version 17
VisualStudioVersion = 17.13.35919.96 d17.13
MinimumVisualStudioVersion = 10.0.40219.1
Project("{FAE04EC0-301F-11D3-BF4B-00C04F79EFBC}") = "ProductivityHarborApi", "ProductivityHarborApi.csproj", "{5E4D3083-E53E-4EA5-B7C4-7A593E5223F2}"
EndProject
Global
	GlobalSection(SolutionConfigurationPlatforms) = preSolution
		Debug|Any CPU = Debug|Any CPU
		Release|Any CPU = Release|Any CPU
	EndGlobalSection
	GlobalSection(ProjectConfigurationPlatforms) = postSolution
		{5E4D3083-E53E-4EA5-B7C4-7A593E5223F2}.Debug|Any CPU.ActiveCfg = Debug|Any CPU
		{5E4D3083-E53E-4EA5-B7C4-7A593E5223F2}.Debug|Any CPU.Build.0 = Debug|Any CPU
		{5E4D3083-E53E-4EA5-B7C4-7A593E5223F2}.Release|Any CPU.ActiveCfg = Release|Any CPU
		{5E4D3083-E53E-4EA5-B7C4-7A593E5223F2}.Release|Any CPU.Build.0 = Release|Any CPU
	EndGlobalSection
	GlobalSection(SolutionProperties) = preSolution
		HideSolutionNode = FALSE
	EndGlobalSection
	GlobalSection(ExtensibilityGlobals) = postSolution
		SolutionGuid = {AF02B36D-B9DD-4374-8A07-4CCC81B021DB}
	EndGlobalSection
EndGlobal
